// !$*UTF8*$!
{
	archiveVersion = 1;
	classes = {
	};
	objectVersion = 50;
	objects = {

/* Begin PBXBuildFile section */
		951D14BE217F7C0400DA50E3 /* CGImagePropertyOrientation+UIImageOrientation.swift in Sources */ = {isa = PBXBuildFile; fileRef = 951D14BD217F7C0400DA50E3 /* CGImagePropertyOrientation+UIImageOrientation.swift */; };
		951D14C0217F7FB900DA50E3 /* ImageClassificationService.swift in Sources */ = {isa = PBXBuildFile; fileRef = 951D14BF217F7FB900DA50E3 /* ImageClassificationService.swift */; };
		95226D80217A00BD00C58139 /* AppDelegate.swift in Sources */ = {isa = PBXBuildFile; fileRef = 95226D7F217A00BD00C58139 /* AppDelegate.swift */; };
		95226D82217A00BD00C58139 /* ImageViewController.swift in Sources */ = {isa = PBXBuildFile; fileRef = 95226D81217A00BD00C58139 /* ImageViewController.swift */; };
		95226D85217A00BD00C58139 /* Main.storyboard in Resources */ = {isa = PBXBuildFile; fileRef = 95226D83217A00BD00C58139 /* Main.storyboard */; };
		95226D87217A00C000C58139 /* Assets.xcassets in Resources */ = {isa = PBXBuildFile; fileRef = 95226D86217A00C000C58139 /* Assets.xcassets */; };
		95226D8A217A00C000C58139 /* LaunchScreen.storyboard in Resources */ = {isa = PBXBuildFile; fileRef = 95226D88217A00C000C58139 /* LaunchScreen.storyboard */; };
		95226D94217A169E00C58139 /* Prediction.swift in Sources */ = {isa = PBXBuildFile; fileRef = 95226D93217A169E00C58139 /* Prediction.swift */; };
		953473AA2180ACCD00259553 /* TextViewController.swift in Sources */ = {isa = PBXBuildFile; fileRef = 953473A92180ACCD00259553 /* TextViewController.swift */; };
		953473C82180C48800259553 /* DataTableViewController.swift in Sources */ = {isa = PBXBuildFile; fileRef = 953473C72180C48800259553 /* DataTableViewController.swift */; };
		953473D02180CDDD00259553 /* LunchImageClassifier.mlmodel in Sources */ = {isa = PBXBuildFile; fileRef = 953473CF2180CDDD00259553 /* LunchImageClassifier.mlmodel */; };
		953473D12180CDF000259553 /* LunchDataTableClassifier.mlmodel in Sources */ = {isa = PBXBuildFile; fileRef = 953473CC2180CD0D00259553 /* LunchDataTableClassifier.mlmodel */; };
		953473D22180CDF200259553 /* LunchTextClassifier.mlmodel in Sources */ = {isa = PBXBuildFile; fileRef = 953473CD2180CD0D00259553 /* LunchTextClassifier.mlmodel */; };
/* End PBXBuildFile section */

/* Begin PBXFileReference section */
		951D14BD217F7C0400DA50E3 /* CGImagePropertyOrientation+UIImageOrientation.swift */ = {isa = PBXFileReference; lastKnownFileType = sourcecode.swift; path = "CGImagePropertyOrientation+UIImageOrientation.swift"; sourceTree = "<group>"; };
		951D14BF217F7FB900DA50E3 /* ImageClassificationService.swift */ = {isa = PBXFileReference; lastKnownFileType = sourcecode.swift; path = ImageClassificationService.swift; sourceTree = "<group>"; };
		95226D7C217A00BD00C58139 /* HealthyLuncher.app */ = {isa = PBXFileReference; explicitFileType = wrapper.application; includeInIndex = 0; path = HealthyLuncher.app; sourceTree = BUILT_PRODUCTS_DIR; };
		95226D7F217A00BD00C58139 /* AppDelegate.swift */ = {isa = PBXFileReference; lastKnownFileType = sourcecode.swift; path = AppDelegate.swift; sourceTree = "<group>"; };
		95226D81217A00BD00C58139 /* ImageViewController.swift */ = {isa = PBXFileReference; lastKnownFileType = sourcecode.swift; path = ImageViewController.swift; sourceTree = "<group>"; };
		95226D84217A00BD00C58139 /* Base */ = {isa = PBXFileReference; lastKnownFileType = file.storyboard; name = Base; path = Base.lproj/Main.storyboard; sourceTree = "<group>"; };
		95226D86217A00C000C58139 /* Assets.xcassets */ = {isa = PBXFileReference; lastKnownFileType = folder.assetcatalog; path = Assets.xcassets; sourceTree = "<group>"; };
		95226D89217A00C000C58139 /* Base */ = {isa = PBXFileReference; lastKnownFileType = file.storyboard; name = Base; path = Base.lproj/LaunchScreen.storyboard; sourceTree = "<group>"; };
		95226D8B217A00C000C58139 /* Info.plist */ = {isa = PBXFileReference; lastKnownFileType = text.plist.xml; path = Info.plist; sourceTree = "<group>"; };
		95226D93217A169E00C58139 /* Prediction.swift */ = {isa = PBXFileReference; lastKnownFileType = sourcecode.swift; path = Prediction.swift; sourceTree = "<group>"; };
		953473A92180ACCD00259553 /* TextViewController.swift */ = {isa = PBXFileReference; lastKnownFileType = sourcecode.swift; path = TextViewController.swift; sourceTree = "<group>"; };
		953473C72180C48800259553 /* DataTableViewController.swift */ = {isa = PBXFileReference; lastKnownFileType = sourcecode.swift; path = DataTableViewController.swift; sourceTree = "<group>"; };
		953473CC2180CD0D00259553 /* LunchDataTableClassifier.mlmodel */ = {isa = PBXFileReference; lastKnownFileType = file.mlmodel; path = LunchDataTableClassifier.mlmodel; sourceTree = "<group>"; };
		953473CD2180CD0D00259553 /* LunchTextClassifier.mlmodel */ = {isa = PBXFileReference; lastKnownFileType = file.mlmodel; path = LunchTextClassifier.mlmodel; sourceTree = "<group>"; };
		953473CF2180CDDD00259553 /* LunchImageClassifier.mlmodel */ = {isa = PBXFileReference; lastKnownFileType = file.mlmodel; path = LunchImageClassifier.mlmodel; sourceTree = "<group>"; };
/* End PBXFileReference section */

/* Begin PBXFrameworksBuildPhase section */
		95226D79217A00BD00C58139 /* Frameworks */ = {
			isa = PBXFrameworksBuildPhase;
			buildActionMask = 2147483647;
			files = (
			);
			runOnlyForDeploymentPostprocessing = 0;
		};
/* End PBXFrameworksBuildPhase section */

/* Begin PBXGroup section */
		951D14C1217F8AD400DA50E3 /* Supporting files */ = {
			isa = PBXGroup;
			children = (
				95226D8B217A00C000C58139 /* Info.plist */,
				95226D88217A00C000C58139 /* LaunchScreen.storyboard */,
				95226D86217A00C000C58139 /* Assets.xcassets */,
			);
			path = "Supporting files";
			sourceTree = "<group>";
		};
		951D14C2217F8B1100DA50E3 /* Classification */ = {
			isa = PBXGroup;
			children = (
				953473CB2180CD0600259553 /* Models */,
				95226D93217A169E00C58139 /* Prediction.swift */,
				951D14BF217F7FB900DA50E3 /* ImageClassificationService.swift */,
			);
			path = Classification;
			sourceTree = "<group>";
		};
		951D14C3217F8B3000DA50E3 /* Extensions */ = {
			isa = PBXGroup;
			children = (
				951D14BD217F7C0400DA50E3 /* CGImagePropertyOrientation+UIImageOrientation.swift */,
			);
			path = Extensions;
			sourceTree = "<group>";
		};
		95226D73217A00BD00C58139 = {
			isa = PBXGroup;
			children = (
				95226D7E217A00BD00C58139 /* HealthyLuncher */,
				95226D7D217A00BD00C58139 /* Products */,
			);
			sourceTree = "<group>";
		};
		95226D7D217A00BD00C58139 /* Products */ = {
			isa = PBXGroup;
			children = (
				95226D7C217A00BD00C58139 /* HealthyLuncher.app */,
			);
			name = Products;
			sourceTree = "<group>";
		};
		95226D7E217A00BD00C58139 /* HealthyLuncher */ = {
			isa = PBXGroup;
			children = (
				95226D7F217A00BD00C58139 /* AppDelegate.swift */,
				95226D83217A00BD00C58139 /* Main.storyboard */,
				953473CE2180CD1D00259553 /* View Controllers */,
				951D14C2217F8B1100DA50E3 /* Classification */,
				951D14C3217F8B3000DA50E3 /* Extensions */,
				951D14C1217F8AD400DA50E3 /* Supporting files */,
			);
			path = HealthyLuncher;
			sourceTree = "<group>";
		};
		953473CB2180CD0600259553 /* Models */ = {
			isa = PBXGroup;
			children = (
				953473CF2180CDDD00259553 /* LunchImageClassifier.mlmodel */,
				953473CC2180CD0D00259553 /* LunchDataTableClassifier.mlmodel */,
				953473CD2180CD0D00259553 /* LunchTextClassifier.mlmodel */,
			);
			path = Models;
			sourceTree = "<group>";
		};
		953473CE2180CD1D00259553 /* View Controllers */ = {
			isa = PBXGroup;
			children = (
				95226D81217A00BD00C58139 /* ImageViewController.swift */,
				953473A92180ACCD00259553 /* TextViewController.swift */,
				953473C72180C48800259553 /* DataTableViewController.swift */,
			);
			path = "View Controllers";
			sourceTree = "<group>";
		};
/* End PBXGroup section */

/* Begin PBXNativeTarget section */
		95226D7B217A00BD00C58139 /* HealthyLuncher */ = {
			isa = PBXNativeTarget;
			buildConfigurationList = 95226D8E217A00C000C58139 /* Build configuration list for PBXNativeTarget "HealthyLuncher" */;
			buildPhases = (
				95226D78217A00BD00C58139 /* Sources */,
				95226D79217A00BD00C58139 /* Frameworks */,
				95226D7A217A00BD00C58139 /* Resources */,
			);
			buildRules = (
			);
			dependencies = (
			);
			name = HealthyLuncher;
			productName = HealthyLuncher;
			productReference = 95226D7C217A00BD00C58139 /* HealthyLuncher.app */;
			productType = "com.apple.product-type.application";
		};
/* End PBXNativeTarget section */

/* Begin PBXProject section */
		95226D74217A00BD00C58139 /* Project object */ = {
			isa = PBXProject;
			attributes = {
				LastSwiftUpdateCheck = 1000;
				LastUpgradeCheck = 1000;
				ORGANIZATIONNAME = Netguru;
				TargetAttributes = {
					95226D7B217A00BD00C58139 = {
						CreatedOnToolsVersion = 10.0;
					};
				};
			};
			buildConfigurationList = 95226D77217A00BD00C58139 /* Build configuration list for PBXProject "HealthyLuncher" */;
			compatibilityVersion = "Xcode 9.3";
			developmentRegion = en;
			hasScannedForEncodings = 0;
			knownRegions = (
				en,
				Base,
			);
			mainGroup = 95226D73217A00BD00C58139;
			productRefGroup = 95226D7D217A00BD00C58139 /* Products */;
			projectDirPath = "";
			projectRoot = "";
			targets = (
				95226D7B217A00BD00C58139 /* HealthyLuncher */,
			);
		};
/* End PBXProject section */

/* Begin PBXResourcesBuildPhase section */
		95226D7A217A00BD00C58139 /* Resources */ = {
			isa = PBXResourcesBuildPhase;
			buildActionMask = 2147483647;
			files = (
				95226D8A217A00C000C58139 /* LaunchScreen.storyboard in Resources */,
				95226D87217A00C000C58139 /* Assets.xcassets in Resources */,
				95226D85217A00BD00C58139 /* Main.storyboard in Resources */,
			);
			runOnlyForDeploymentPostprocessing = 0;
		};
/* End PBXResourcesBuildPhase section */

/* Begin PBXSourcesBuildPhase section */
		95226D78217A00BD00C58139 /* Sources */ = {
			isa = PBXSourcesBuildPhase;
			buildActionMask = 2147483647;
			files = (
				951D14C0217F7FB900DA50E3 /* ImageClassificationService.swift in Sources */,
				953473D22180CDF200259553 /* LunchTextClassifier.mlmodel in Sources */,
				953473C82180C48800259553 /* DataTableViewController.swift in Sources */,
				95226D94217A169E00C58139 /* Prediction.swift in Sources */,
				95226D82217A00BD00C58139 /* ImageViewController.swift in Sources */,
				95226D80217A00BD00C58139 /* AppDelegate.swift in Sources */,
				951D14BE217F7C0400DA50E3 /* CGImagePropertyOrientation+UIImageOrientation.swift in Sources */,
				953473D02180CDDD00259553 /* LunchImageClassifier.mlmodel in Sources */,
				953473D12180CDF000259553 /* LunchDataTableClassifier.mlmodel in Sources */,
				953473AA2180ACCD00259553 /* TextViewController.swift in Sources */,
			);
			runOnlyForDeploymentPostprocessing = 0;
		};
/* End PBXSourcesBuildPhase section */

/* Begin PBXVariantGroup section */
		95226D83217A00BD00C58139 /* Main.storyboard */ = {
			isa = PBXVariantGroup;
			children = (
				95226D84217A00BD00C58139 /* Base */,
			);
			name = Main.storyboard;
			sourceTree = "<group>";
		};
		95226D88217A00C000C58139 /* LaunchScreen.storyboard */ = {
			isa = PBXVariantGroup;
			children = (
				95226D89217A00C000C58139 /* Base */,
			);
			name = LaunchScreen.storyboard;
			sourceTree = "<group>";
		};
/* End PBXVariantGroup section */

/* Begin XCBuildConfiguration section */
		95226D8C217A00C000C58139 /* Debug */ = {
			isa = XCBuildConfiguration;
			buildSettings = {
				ALWAYS_SEARCH_USER_PATHS = NO;
				CLANG_ANALYZER_NONNULL = YES;
				CLANG_ANALYZER_NUMBER_OBJECT_CONVERSION = YES_AGGRESSIVE;
				CLANG_CXX_LANGUAGE_STANDARD = "gnu++14";
				CLANG_CXX_LIBRARY = "libc++";
				CLANG_ENABLE_MODULES = YES;
				CLANG_ENABLE_OBJC_ARC = YES;
				CLANG_ENABLE_OBJC_WEAK = YES;
				CLANG_WARN_BLOCK_CAPTURE_AUTORELEASING = YES;
				CLANG_WARN_BOOL_CONVERSION = YES;
				CLANG_WARN_COMMA = YES;
				CLANG_WARN_CONSTANT_CONVERSION = YES;
				CLANG_WARN_DEPRECATED_OBJC_IMPLEMENTATIONS = YES;
				CLANG_WARN_DIRECT_OBJC_ISA_USAGE = YES_ERROR;
				CLANG_WARN_DOCUMENTATION_COMMENTS = YES;
				CLANG_WARN_EMPTY_BODY = YES;
				CLANG_WARN_ENUM_CONVERSION = YES;
				CLANG_WARN_INFINITE_RECURSION = YES;
				CLANG_WARN_INT_CONVERSION = YES;
				CLANG_WARN_NON_LITERAL_NULL_CONVERSION = YES;
				CLANG_WARN_OBJC_IMPLICIT_RETAIN_SELF = YES;
				CLANG_WARN_OBJC_LITERAL_CONVERSION = YES;
				CLANG_WARN_OBJC_ROOT_CLASS = YES_ERROR;
				CLANG_WARN_RANGE_LOOP_ANALYSIS = YES;
				CLANG_WARN_STRICT_PROTOTYPES = YES;
				CLANG_WARN_SUSPICIOUS_MOVE = YES;
				CLANG_WARN_UNGUARDED_AVAILABILITY = YES_AGGRESSIVE;
				CLANG_WARN_UNREACHABLE_CODE = YES;
				CLANG_WARN__DUPLICATE_METHOD_MATCH = YES;
				CODE_SIGN_IDENTITY = "iPhone Developer";
				COPY_PHASE_STRIP = NO;
				DEBUG_INFORMATION_FORMAT = dwarf;
				ENABLE_STRICT_OBJC_MSGSEND = YES;
				ENABLE_TESTABILITY = YES;
				GCC_C_LANGUAGE_STANDARD = gnu11;
				GCC_DYNAMIC_NO_PIC = NO;
				GCC_NO_COMMON_BLOCKS = YES;
				GCC_OPTIMIZATION_LEVEL = 0;
				GCC_PREPROCESSOR_DEFINITIONS = (
					"DEBUG=1",
					"$(inherited)",
				);
				GCC_WARN_64_TO_32_BIT_CONVERSION = YES;
				GCC_WARN_ABOUT_RETURN_TYPE = YES_ERROR;
				GCC_WARN_UNDECLARED_SELECTOR = YES;
				GCC_WARN_UNINITIALIZED_AUTOS = YES_AGGRESSIVE;
				GCC_WARN_UNUSED_FUNCTION = YES;
				GCC_WARN_UNUSED_VARIABLE = YES;
				IPHONEOS_DEPLOYMENT_TARGET = 12.0;
				MTL_ENABLE_DEBUG_INFO = INCLUDE_SOURCE;
				MTL_FAST_MATH = YES;
				ONLY_ACTIVE_ARCH = YES;
				SDKROOT = iphoneos;
				SWIFT_ACTIVE_COMPILATION_CONDITIONS = DEBUG;
				SWIFT_OPTIMIZATION_LEVEL = "-Onone";
			};
			name = Debug;
		};
		95226D8D217A00C000C58139 /* Release */ = {
			isa = XCBuildConfiguration;
			buildSettings = {
				ALWAYS_SEARCH_USER_PATHS = NO;
				CLANG_ANALYZER_NONNULL = YES;
				CLANG_ANALYZER_NUMBER_OBJECT_CONVERSION = YES_AGGRESSIVE;
				CLANG_CXX_LANGUAGE_STANDARD = "gnu++14";
				CLANG_CXX_LIBRARY = "libc++";
				CLANG_ENABLE_MODULES = YES;
				CLANG_ENABLE_OBJC_ARC = YES;
				CLANG_ENABLE_OBJC_WEAK = YES;
				CLANG_WARN_BLOCK_CAPTURE_AUTORELEASING = YES;
				CLANG_WARN_BOOL_CONVERSION = YES;
				CLANG_WARN_COMMA = YES;
				CLANG_WARN_CONSTANT_CONVERSION = YES;
				CLANG_WARN_DEPRECATED_OBJC_IMPLEMENTATIONS = YES;
				CLANG_WARN_DIRECT_OBJC_ISA_USAGE = YES_ERROR;
				CLANG_WARN_DOCUMENTATION_COMMENTS = YES;
				CLANG_WARN_EMPTY_BODY = YES;
				CLANG_WARN_ENUM_CONVERSION = YES;
				CLANG_WARN_INFINITE_RECURSION = YES;
				CLANG_WARN_INT_CONVERSION = YES;
				CLANG_WARN_NON_LITERAL_NULL_CONVERSION = YES;
				CLANG_WARN_OBJC_IMPLICIT_RETAIN_SELF = YES;
				CLANG_WARN_OBJC_LITERAL_CONVERSION = YES;
				CLANG_WARN_OBJC_ROOT_CLASS = YES_ERROR;
				CLANG_WARN_RANGE_LOOP_ANALYSIS = YES;
				CLANG_WARN_STRICT_PROTOTYPES = YES;
				CLANG_WARN_SUSPICIOUS_MOVE = YES;
				CLANG_WARN_UNGUARDED_AVAILABILITY = YES_AGGRESSIVE;
				CLANG_WARN_UNREACHABLE_CODE = YES;
				CLANG_WARN__DUPLICATE_METHOD_MATCH = YES;
				CODE_SIGN_IDENTITY = "iPhone Developer";
				COPY_PHASE_STRIP = NO;
				DEBUG_INFORMATION_FORMAT = "dwarf-with-dsym";
				ENABLE_NS_ASSERTIONS = NO;
				ENABLE_STRICT_OBJC_MSGSEND = YES;
				GCC_C_LANGUAGE_STANDARD = gnu11;
				GCC_NO_COMMON_BLOCKS = YES;
				GCC_WARN_64_TO_32_BIT_CONVERSION = YES;
				GCC_WARN_ABOUT_RETURN_TYPE = YES_ERROR;
				GCC_WARN_UNDECLARED_SELECTOR = YES;
				GCC_WARN_UNINITIALIZED_AUTOS = YES_AGGRESSIVE;
				GCC_WARN_UNUSED_FUNCTION = YES;
				GCC_WARN_UNUSED_VARIABLE = YES;
				IPHONEOS_DEPLOYMENT_TARGET = 12.0;
				MTL_ENABLE_DEBUG_INFO = NO;
				MTL_FAST_MATH = YES;
				SDKROOT = iphoneos;
				SWIFT_COMPILATION_MODE = wholemodule;
				SWIFT_OPTIMIZATION_LEVEL = "-O";
				VALIDATE_PRODUCT = YES;
			};
			name = Release;
		};
		95226D8F217A00C000C58139 /* Debug */ = {
			isa = XCBuildConfiguration;
			buildSettings = {
				ASSETCATALOG_COMPILER_APPICON_NAME = AppIcon;
				CODE_SIGN_STYLE = Manual;
				DEVELOPMENT_TEAM = "";
				INFOPLIST_FILE = "HealthyLuncher/Supporting files/Info.plist";
				LD_RUNPATH_SEARCH_PATHS = (
					"$(inherited)",
					"@executable_path/Frameworks",
				);
				PRODUCT_BUNDLE_IDENTIFIER = co.netguru.HealthyLuncher;
				PRODUCT_NAME = "$(TARGET_NAME)";
				PROVISIONING_PROFILE_SPECIFIER = "";
				SWIFT_VERSION = 4.2;
				TARGETED_DEVICE_FAMILY = "1,2";
			};
			name = Debug;
		};
		95226D90217A00C000C58139 /* Release */ = {
			isa = XCBuildConfiguration;
			buildSettings = {
				ASSETCATALOG_COMPILER_APPICON_NAME = AppIcon;
				CODE_SIGN_STYLE = Manual;
				DEVELOPMENT_TEAM = "";
				INFOPLIST_FILE = "HealthyLuncher/Supporting files/Info.plist";
				LD_RUNPATH_SEARCH_PATHS = (
					"$(inherited)",
					"@executable_path/Frameworks",
				);
				PRODUCT_BUNDLE_IDENTIFIER = co.netguru.HealthyLuncher;
				PRODUCT_NAME = "$(TARGET_NAME)";
				PROVISIONING_PROFILE_SPECIFIER = "";
				SWIFT_VERSION = 4.2;
				TARGETED_DEVICE_FAMILY = "1,2";
			};
			name = Release;
		};
/* End XCBuildConfiguration section */

/* Begin XCConfigurationList section */
		95226D77217A00BD00C58139 /* Build configuration list for PBXProject "HealthyLuncher" */ = {
			isa = XCConfigurationList;
			buildConfigurations = (
				95226D8C217A00C000C58139 /* Debug */,
				95226D8D217A00C000C58139 /* Release */,
			);
			defaultConfigurationIsVisible = 0;
			defaultConfigurationName = Release;
		};
		95226D8E217A00C000C58139 /* Build configuration list for PBXNativeTarget "HealthyLuncher" */ = {
			isa = XCConfigurationList;
			buildConfigurations = (
				95226D8F217A00C000C58139 /* Debug */,
				95226D90217A00C000C58139 /* Release */,
			);
			defaultConfigurationIsVisible = 0;
			defaultConfigurationName = Release;
		};
/* End XCConfigurationList section */
	};
	rootObject = 95226D74217A00BD00C58139 /* Project object */;
}
